{
  "name": "assets",
  "lockfileVersion": 3,
  "requires": true,
  "packages": {
    "": {
      "dependencies": {
        "uikit": "^3.25.5"
      }
    },
    "node_modules/uikit": {
      "version": "3.25.5",
      "resolved": "https://registry.npmjs.org/uikit/-/uikit-3.25.5.tgz",
      "integrity": "sha512-tBcAASJwnITOpIyMa8ZwqMQ0NQ9FHEELZR2qA+lgStL3/xags3NUu4zE/EvNWVlQkbLtX7pJdZ+RWAchZukXJA==",
      "license": "MIT"
    }
  }
}
